
Microsoft Visual Studio Solution File, Format Version 12.00
Project("{FAE04EC0-301F-11D3-BF4B-00C04F79EFBC}") = "AdmissionService", "AdmissionService\AdmissionService.csproj", "{BED4D571-B7ED-4CAE-B018-60867C25413D}"
EndProject
Project("{FAE04EC0-301F-11D3-BF4B-00C04F79EFBC}") = "AttendenceService", "AttendenceService\AttendenceService.csproj", "{9089BBAA-349C-4A4C-95CA-B40FCC010163}"
EndProject
Project("{FAE04EC0-301F-11D3-BF4B-00C04F79EFBC}") = "SchoolApi", "SchoolApi\SchoolApi.csproj", "{D6D58860-1A84-4050-AE8A-D0D6DD9DD9EE}"
EndProject
Global
	GlobalSection(SolutionConfigurationPlatforms) = preSolution
		Debug|Any CPU = Debug|Any CPU
		Release|Any CPU = Release|Any CPU
	EndGlobalSection
	GlobalSection(ProjectConfigurationPlatforms) = postSolution
		{BED4D571-B7ED-4CAE-B018-60867C25413D}.Debug|Any CPU.ActiveCfg = Debug|Any CPU
		{BED4D571-B7ED-4CAE-B018-60867C25413D}.Debug|Any CPU.Build.0 = Debug|Any CPU
		{BED4D571-B7ED-4CAE-B018-60867C25413D}.Release|Any CPU.ActiveCfg = Release|Any CPU
		{BED4D571-B7ED-4CAE-B018-60867C25413D}.Release|Any CPU.Build.0 = Release|Any CPU
		{9089BBAA-349C-4A4C-95CA-B40FCC010163}.Debug|Any CPU.ActiveCfg = Debug|Any CPU
		{9089BBAA-349C-4A4C-95CA-B40FCC010163}.Debug|Any CPU.Build.0 = Debug|Any CPU
		{9089BBAA-349C-4A4C-95CA-B40FCC010163}.Release|Any CPU.ActiveCfg = Release|Any CPU
		{9089BBAA-349C-4A4C-95CA-B40FCC010163}.Release|Any CPU.Build.0 = Release|Any CPU
		{D6D58860-1A84-4050-AE8A-D0D6DD9DD9EE}.Debug|Any CPU.ActiveCfg = Debug|Any CPU
		{D6D58860-1A84-4050-AE8A-D0D6DD9DD9EE}.Debug|Any CPU.Build.0 = Debug|Any CPU
		{D6D58860-1A84-4050-AE8A-D0D6DD9DD9EE}.Release|Any CPU.ActiveCfg = Release|Any CPU
		{D6D58860-1A84-4050-AE8A-D0D6DD9DD9EE}.Release|Any CPU.Build.0 = Release|Any CPU
	EndGlobalSection
EndGlobal
